
Microsoft Visual Studio Solution File, Format Version 12.00
# Visual Studio Version 16
VisualStudioVersion = 16.0.29613.14
MinimumVisualStudioVersion = 10.0.40219.1
Project("{FAE04EC0-301F-11D3-BF4B-00C04F79EFBC}") = "lab_01_hello_world", "lab_01_hello_world\lab_01_hello_world.csproj", "{0143BEB7-C3E7-45D3-9698-AFB3C398586A}"
EndProject
Global
	GlobalSection(SolutionConfigurationPlatforms) = preSolution
		Debug|Any CPU = Debug|Any CPU
		Release|Any CPU = Release|Any CPU
	EndGlobalSection
	GlobalSection(ProjectConfigurationPlatforms) = postSolution
		{0143BEB7-C3E7-45D3-9698-AFB3C398586A}.Debug|Any CPU.ActiveCfg = Debug|Any CPU
		{0143BEB7-C3E7-45D3-9698-AFB3C398586A}.Debug|Any CPU.Build.0 = Debug|Any CPU
		{0143BEB7-C3E7-45D3-9698-AFB3C398586A}.Release|Any CPU.ActiveCfg = Release|Any CPU
		{0143BEB7-C3E7-45D3-9698-AFB3C398586A}.Release|Any CPU.Build.0 = Release|Any CPU
	EndGlobalSection
	GlobalSection(SolutionProperties) = preSolution
		HideSolutionNode = FALSE
	EndGlobalSection
	GlobalSection(ExtensibilityGlobals) = postSolution
		SolutionGuid = {867C7FCA-718C-4D1E-A4CF-81A521C56369}
	EndGlobalSection
EndGlobal
