
Microsoft Visual Studio Solution File, Format Version 12.00
# Visual Studio Version 16
VisualStudioVersion = 16.0.29613.14
MinimumVisualStudioVersion = 10.0.40219.1
Project("{FAE04EC0-301F-11D3-BF4B-00C04F79EFBC}") = "lab_011", "lab_011\lab_011.csproj", "{CAB831D3-C775-4097-9A51-7B5865BD53A7}"
EndProject
Project("{9A19103F-16F7-4668-BE54-9A1E7A4F7556}") = "lab_03_use_library", "lab_03_library\lab_03_use_library.csproj", "{55D429F4-5C28-4A63-8CDC-953BB30BC27F}"
EndProject
Project("{9A19103F-16F7-4668-BE54-9A1E7A4F7556}") = "lab_03_library_files", "lab_03_library_files\lab_03_library_files.csproj", "{78BBC763-E96C-40CC-9D71-1A4B4E5FEABE}"
EndProject
Project("{9A19103F-16F7-4668-BE54-9A1E7A4F7556}") = "hello_world", "hello_world\hello_world.csproj", "{B3B01011-88F3-4A7C-9580-DEB2CD35AFBE}"
EndProject
Project("{9A19103F-16F7-4668-BE54-9A1E7A4F7556}") = "lab_04_debugging", "lab_04_debugging\lab_04_debugging.csproj", "{E77EF4ED-1DAE-4CA8-BE83-4AAEE55496E2}"
EndProject
Project("{FAE04EC0-301F-11D3-BF4B-00C04F79EFBC}") = "lab_05_log-to_event_viewer", "lab_05_log-to_event_viewer\lab_05_log-to_event_viewer.csproj", "{E6BBBC09-50CE-44B8-AED4-C5A943DCEB8D}"
EndProject
Project("{FAE04EC0-301F-11D3-BF4B-00C04F79EFBC}") = "lab_05", "lab_05\lab_05.csproj", "{6FA22B18-02EB-4315-BC2B-CD4165624957}"
EndProject
Global
	GlobalSection(SolutionConfigurationPlatforms) = preSolution
		Debug|Any CPU = Debug|Any CPU
		Release|Any CPU = Release|Any CPU
	EndGlobalSection
	GlobalSection(ProjectConfigurationPlatforms) = postSolution
		{CAB831D3-C775-4097-9A51-7B5865BD53A7}.Debug|Any CPU.ActiveCfg = Debug|Any CPU
		{CAB831D3-C775-4097-9A51-7B5865BD53A7}.Debug|Any CPU.Build.0 = Debug|Any CPU
		{CAB831D3-C775-4097-9A51-7B5865BD53A7}.Release|Any CPU.ActiveCfg = Release|Any CPU
		{CAB831D3-C775-4097-9A51-7B5865BD53A7}.Release|Any CPU.Build.0 = Release|Any CPU
		{55D429F4-5C28-4A63-8CDC-953BB30BC27F}.Debug|Any CPU.ActiveCfg = Debug|Any CPU
		{55D429F4-5C28-4A63-8CDC-953BB30BC27F}.Debug|Any CPU.Build.0 = Debug|Any CPU
		{55D429F4-5C28-4A63-8CDC-953BB30BC27F}.Release|Any CPU.ActiveCfg = Release|Any CPU
		{55D429F4-5C28-4A63-8CDC-953BB30BC27F}.Release|Any CPU.Build.0 = Release|Any CPU
		{78BBC763-E96C-40CC-9D71-1A4B4E5FEABE}.Debug|Any CPU.ActiveCfg = Debug|Any CPU
		{78BBC763-E96C-40CC-9D71-1A4B4E5FEABE}.Debug|Any CPU.Build.0 = Debug|Any CPU
		{78BBC763-E96C-40CC-9D71-1A4B4E5FEABE}.Release|Any CPU.ActiveCfg = Release|Any CPU
		{78BBC763-E96C-40CC-9D71-1A4B4E5FEABE}.Release|Any CPU.Build.0 = Release|Any CPU
		{B3B01011-88F3-4A7C-9580-DEB2CD35AFBE}.Debug|Any CPU.ActiveCfg = Debug|Any CPU
		{B3B01011-88F3-4A7C-9580-DEB2CD35AFBE}.Debug|Any CPU.Build.0 = Debug|Any CPU
		{B3B01011-88F3-4A7C-9580-DEB2CD35AFBE}.Release|Any CPU.ActiveCfg = Release|Any CPU
		{B3B01011-88F3-4A7C-9580-DEB2CD35AFBE}.Release|Any CPU.Build.0 = Release|Any CPU
		{E77EF4ED-1DAE-4CA8-BE83-4AAEE55496E2}.Debug|Any CPU.ActiveCfg = Debug|Any CPU
		{E77EF4ED-1DAE-4CA8-BE83-4AAEE55496E2}.Debug|Any CPU.Build.0 = Debug|Any CPU
		{E77EF4ED-1DAE-4CA8-BE83-4AAEE55496E2}.Release|Any CPU.ActiveCfg = Release|Any CPU
		{E77EF4ED-1DAE-4CA8-BE83-4AAEE55496E2}.Release|Any CPU.Build.0 = Release|Any CPU
		{E6BBBC09-50CE-44B8-AED4-C5A943DCEB8D}.Debug|Any CPU.ActiveCfg = Debug|Any CPU
		{E6BBBC09-50CE-44B8-AED4-C5A943DCEB8D}.Debug|Any CPU.Build.0 = Debug|Any CPU
		{E6BBBC09-50CE-44B8-AED4-C5A943DCEB8D}.Release|Any CPU.ActiveCfg = Release|Any CPU
		{E6BBBC09-50CE-44B8-AED4-C5A943DCEB8D}.Release|Any CPU.Build.0 = Release|Any CPU
		{6FA22B18-02EB-4315-BC2B-CD4165624957}.Debug|Any CPU.ActiveCfg = Debug|Any CPU
		{6FA22B18-02EB-4315-BC2B-CD4165624957}.Debug|Any CPU.Build.0 = Debug|Any CPU
		{6FA22B18-02EB-4315-BC2B-CD4165624957}.Release|Any CPU.ActiveCfg = Release|Any CPU
		{6FA22B18-02EB-4315-BC2B-CD4165624957}.Release|Any CPU.Build.0 = Release|Any CPU
	EndGlobalSection
	GlobalSection(SolutionProperties) = preSolution
		HideSolutionNode = FALSE
	EndGlobalSection
	GlobalSection(ExtensibilityGlobals) = postSolution
		SolutionGuid = {C66373E5-08C8-4B93-997E-3C2E626FCCB1}
	EndGlobalSection
EndGlobal
